
Microsoft Visual Studio Solution File, Format Version 12.00
# Visual Studio Version 16
VisualStudioVersion = 16.0.30011.22
MinimumVisualStudioVersion = 10.0.40219.1
Project("{FAE04EC0-301F-11D3-BF4B-00C04F79EFBC}") = "Todos", "Todos.csproj", "{2E0C8AD9-2496-4832-AF6C-E4C8ECA40A37}"
EndProject
Project("{FAE04EC0-301F-11D3-BF4B-00C04F79EFBC}") = "Todo.Tests", "..\Todo.Tests\Todo.Tests.csproj", "{5FBE0C59-FD12-4789-B494-1AC55491DF50}"
EndProject
Global
	GlobalSection(SolutionConfigurationPlatforms) = preSolution
		Debug|Any CPU = Debug|Any CPU
		Release|Any CPU = Release|Any CPU
	EndGlobalSection
	GlobalSection(ProjectConfigurationPlatforms) = postSolution
		{2E0C8AD9-2496-4832-AF6C-E4C8ECA40A37}.Debug|Any CPU.ActiveCfg = Debug|Any CPU
		{2E0C8AD9-2496-4832-AF6C-E4C8ECA40A37}.Debug|Any CPU.Build.0 = Debug|Any CPU
		{2E0C8AD9-2496-4832-AF6C-E4C8ECA40A37}.Release|Any CPU.ActiveCfg = Release|Any CPU
		{2E0C8AD9-2496-4832-AF6C-E4C8ECA40A37}.Release|Any CPU.Build.0 = Release|Any CPU
		{5FBE0C59-FD12-4789-B494-1AC55491DF50}.Debug|Any CPU.ActiveCfg = Debug|Any CPU
		{5FBE0C59-FD12-4789-B494-1AC55491DF50}.Debug|Any CPU.Build.0 = Debug|Any CPU
		{5FBE0C59-FD12-4789-B494-1AC55491DF50}.Release|Any CPU.ActiveCfg = Release|Any CPU
		{5FBE0C59-FD12-4789-B494-1AC55491DF50}.Release|Any CPU.Build.0 = Release|Any CPU
	EndGlobalSection
	GlobalSection(SolutionProperties) = preSolution
		HideSolutionNode = FALSE
	EndGlobalSection
	GlobalSection(ExtensibilityGlobals) = postSolution
		SolutionGuid = {723CBD5D-5401-4B14-B0F0-46069BC23D06}
	EndGlobalSection
EndGlobal
